<?xml version="1.0" encoding="utf-8"?>
<Project ToolsVersion="4.0" xmlns="http://schemas.microsoft.com/developer/msbuild/2003">
  <ItemGroup>
    <Filter Include="Source Files">
      <UniqueIdentifier>{4FC737F1-C7A5-4376-A066-2A32D752A2FF}</UniqueIdentifier>
      <Extensions>cpp;c;cc;cxx;def;odl;idl;hpj;bat;asm;asmx</Extensions>
    </Filter>
    <Filter Include="Header Files">
      <UniqueIdentifier>{93995380-89BD-4b04-88EB-625FBE52EBFB}</UniqueIdentifier>
      <Extensions>h;hh;hpp;hxx;hm;inl;inc;xsd</Extensions>
    </Filter>
    <Filter Include="Resource Files">
      <UniqueIdentifier>{67DA6AB6-F800-4c08-8B7A-83BB121AAD01}</UniqueIdentifier>
      <Extensions>rc;ico;cur;bmp;dlg;rc2;rct;bin;rgs;gif;jpg;jpeg;jpe;resx;tiff;tif;png;wav;mfcribbon-ms</Extensions>
    </Filter>
    <Filter Include="Header Files\GL">
      <UniqueIdentifier>{89d9962a-c662-409a-a5e0-384b1d8c744c}</UniqueIdentifier>
    </Filter>
    <Filter Include="assets">
      <UniqueIdentifier>{a122c780-d2c4-4910-972d-c06fd341a9b9}</UniqueIdentifier>
    </Filter>
    <Filter Include="assets\shaders">
      <UniqueIdentifier>{ea901265-a71a-42c0-b850-070a165a843b}</UniqueIdentifier>
    </Filter>
    <Filter Include="assets\ktx">
      <UniqueIdentifier>{c1be6d54-455d-44d6-b751-001e20d99892}</UniqueIdentifier>
    </Filter>
    <Filter Include="Source Files\Scenes">
      <UniqueIdentifier>{1f40f468-83fe-4d47-9471-f4c9cf39c52d}</UniqueIdentifier>
    </Filter>
  </ItemGroup>
  <ItemGroup>
    <ClCompile Include="GL\gl3w.c">
      <Filter>Source Files</Filter>
    </ClCompile>
    <ClCompile Include="EtherLog.cpp">
      <Filter>Source Files</Filter>
    </ClCompile>
    <ClCompile Include="EtherApp.cpp">
      <Filter>Source Files</Filter>
    </ClCompile>
    <ClCompile Include="EtherPlatform.cpp">
      <Filter>Source Files</Filter>
    </ClCompile>
    <ClCompile Include="sb7ktx.cpp">
      <Filter>Source Files</Filter>
    </ClCompile>
    <ClCompile Include="EtherCubeRO.cpp">
      <Filter>Source Files</Filter>
    </ClCompile>
    <ClCompile Include="PhongLighting.cpp">
      <Filter>Source Files\Scenes</Filter>
    </ClCompile>
    <ClCompile Include="EtherRenderable.cpp">
      <Filter>Source Files</Filter>
    </ClCompile>
  </ItemGroup>
  <ItemGroup>
    <ClInclude Include="GL\gl3w.h">
      <Filter>Header Files\GL</Filter>
    </ClInclude>
    <ClInclude Include="GL\glcorearb.h">
      <Filter>Header Files\GL</Filter>
    </ClInclude>
    <ClInclude Include="GL\glext.h">
      <Filter>Header Files\GL</Filter>
    </ClInclude>
    <ClInclude Include="GL\glxext.h">
      <Filter>Header Files\GL</Filter>
    </ClInclude>
    <ClInclude Include="GL\wglext.h">
      <Filter>Header Files\GL</Filter>
    </ClInclude>
    <ClInclude Include="EtherApp.h">
      <Filter>Header Files</Filter>
    </ClInclude>
    <ClInclude Include="EtherLog.h">
      <Filter>Header Files</Filter>
    </ClInclude>
    <ClInclude Include="EtherPlatform.h">
      <Filter>Header Files</Filter>
    </ClInclude>
    <ClInclude Include="vmath.h">
      <Filter>Header Files</Filter>
    </ClInclude>
    <ClInclude Include="sb7ktx.h">
      <Filter>Header Files</Filter>
    </ClInclude>
    <ClInclude Include="EtherCubeRO.h">
      <Filter>Header Files</Filter>
    </ClInclude>
    <ClInclude Include="EtherGeometry.h">
      <Filter>Header Files</Filter>
    </ClInclude>
    <ClInclude Include="EtherRenderable.h">
      <Filter>Source Files</Filter>
    </ClInclude>
  </ItemGroup>
  <ItemGroup>
    <None Include="..\assets\shaders\simple_tri_ps.glsl">
      <Filter>assets\shaders</Filter>
    </None>
    <None Include="..\assets\shaders\simple_tri_vs.glsl">
      <Filter>assets\shaders</Filter>
    </None>
    <None Include="..\assets\shaders\texture_map_basic_fs.glsl">
      <Filter>assets\shaders</Filter>
    </None>
    <None Include="..\assets\shaders\texture_map_basic_vs.glsl">
      <Filter>assets\shaders</Filter>
    </None>
    <None Include="..\assets\ktx\baboon.ktx">
      <Filter>assets\ktx</Filter>
    </None>
    <None Include="..\assets\ktx\brick.ktx">
      <Filter>assets\ktx</Filter>
    </None>
    <None Include="..\assets\ktx\aliens.ktx">
      <Filter>assets\ktx</Filter>
    </None>
  </ItemGroup>
</Project>